// !$*UTF8*$!
{
	archiveVersion = 1;
	classes = {
	};
	objectVersion = 56;
	objects = {

/* Begin PBXBuildFile section */
		D83DAE5F298C16A200C349D0 /* AutoDocNewsApp.swift in Sources */ = {isa = PBXBuildFile; fileRef = D83DAE5E298C16A200C349D0 /* AutoDocNewsApp.swift */; };
		D83DAE61298C16A200C349D0 /* MainView.swift in Sources */ = {isa = PBXBuildFile; fileRef = D83DAE60298C16A200C349D0 /* MainView.swift */; };
		D83DAE63298C16A300C349D0 /* Assets.xcassets in Resources */ = {isa = PBXBuildFile; fileRef = D83DAE62298C16A300C349D0 /* Assets.xcassets */; };
		D83DAE66298C16A300C349D0 /* Preview Assets.xcassets in Resources */ = {isa = PBXBuildFile; fileRef = D83DAE65298C16A300C349D0 /* Preview Assets.xcassets */; };
		D83DAE70298C16A300C349D0 /* AutoDocNewsTests.swift in Sources */ = {isa = PBXBuildFile; fileRef = D83DAE6F298C16A300C349D0 /* AutoDocNewsTests.swift */; };
		D83DAE7A298C16A300C349D0 /* AutoDocNewsUITests.swift in Sources */ = {isa = PBXBuildFile; fileRef = D83DAE79298C16A300C349D0 /* AutoDocNewsUITests.swift */; };
		D83DAE7C298C16A300C349D0 /* AutoDocNewsUITestsLaunchTests.swift in Sources */ = {isa = PBXBuildFile; fileRef = D83DAE7B298C16A300C349D0 /* AutoDocNewsUITestsLaunchTests.swift */; };
		D83DAE89298C279F00C349D0 /* NewsViewModel.swift in Sources */ = {isa = PBXBuildFile; fileRef = D83DAE88298C279F00C349D0 /* NewsViewModel.swift */; };
		D83DAE8B298C27B200C349D0 /* Model.swift in Sources */ = {isa = PBXBuildFile; fileRef = D83DAE8A298C27B200C349D0 /* Model.swift */; };
		D83DAE8F298C302800C349D0 /* ItemView.swift in Sources */ = {isa = PBXBuildFile; fileRef = D83DAE8E298C302800C349D0 /* ItemView.swift */; };
		D83DAE93298C446500C349D0 /* WebView.swift in Sources */ = {isa = PBXBuildFile; fileRef = D83DAE92298C446500C349D0 /* WebView.swift */; };
		D8501B37298D8A36005E0447 /* CachedImage.swift in Sources */ = {isa = PBXBuildFile; fileRef = D8501B36298D8A36005E0447 /* CachedImage.swift */; };
		D8501B39298DBE58005E0447 /* Mocks.swift in Sources */ = {isa = PBXBuildFile; fileRef = D8501B38298DBE58005E0447 /* Mocks.swift */; };
		D8501B3B298DBF98005E0447 /* mock.json in Resources */ = {isa = PBXBuildFile; fileRef = D8501B3A298DBF98005E0447 /* mock.json */; };
/* End PBXBuildFile section */

/* Begin PBXContainerItemProxy section */
		D83DAE6C298C16A300C349D0 /* PBXContainerItemProxy */ = {
			isa = PBXContainerItemProxy;
			containerPortal = D83DAE53298C16A200C349D0 /* Project object */;
			proxyType = 1;
			remoteGlobalIDString = D83DAE5A298C16A200C349D0;
			remoteInfo = AutoDocNews;
		};
		D83DAE76298C16A300C349D0 /* PBXContainerItemProxy */ = {
			isa = PBXContainerItemProxy;
			containerPortal = D83DAE53298C16A200C349D0 /* Project object */;
			proxyType = 1;
			remoteGlobalIDString = D83DAE5A298C16A200C349D0;
			remoteInfo = AutoDocNews;
		};
/* End PBXContainerItemProxy section */

/* Begin PBXFileReference section */
		D83DAE5B298C16A200C349D0 /* AutoDocNews.app */ = {isa = PBXFileReference; explicitFileType = wrapper.application; includeInIndex = 0; path = AutoDocNews.app; sourceTree = BUILT_PRODUCTS_DIR; };
		D83DAE5E298C16A200C349D0 /* AutoDocNewsApp.swift */ = {isa = PBXFileReference; lastKnownFileType = sourcecode.swift; path = AutoDocNewsApp.swift; sourceTree = "<group>"; };
		D83DAE60298C16A200C349D0 /* MainView.swift */ = {isa = PBXFileReference; lastKnownFileType = sourcecode.swift; path = MainView.swift; sourceTree = "<group>"; };
		D83DAE62298C16A300C349D0 /* Assets.xcassets */ = {isa = PBXFileReference; lastKnownFileType = folder.assetcatalog; path = Assets.xcassets; sourceTree = "<group>"; };
		D83DAE65298C16A300C349D0 /* Preview Assets.xcassets */ = {isa = PBXFileReference; lastKnownFileType = folder.assetcatalog; path = "Preview Assets.xcassets"; sourceTree = "<group>"; };
		D83DAE6B298C16A300C349D0 /* AutoDocNewsTests.xctest */ = {isa = PBXFileReference; explicitFileType = wrapper.cfbundle; includeInIndex = 0; path = AutoDocNewsTests.xctest; sourceTree = BUILT_PRODUCTS_DIR; };
		D83DAE6F298C16A300C349D0 /* AutoDocNewsTests.swift */ = {isa = PBXFileReference; lastKnownFileType = sourcecode.swift; path = AutoDocNewsTests.swift; sourceTree = "<group>"; };
		D83DAE75298C16A300C349D0 /* AutoDocNewsUITests.xctest */ = {isa = PBXFileReference; explicitFileType = wrapper.cfbundle; includeInIndex = 0; path = AutoDocNewsUITests.xctest; sourceTree = BUILT_PRODUCTS_DIR; };
		D83DAE79298C16A300C349D0 /* AutoDocNewsUITests.swift */ = {isa = PBXFileReference; lastKnownFileType = sourcecode.swift; path = AutoDocNewsUITests.swift; sourceTree = "<group>"; };
		D83DAE7B298C16A300C349D0 /* AutoDocNewsUITestsLaunchTests.swift */ = {isa = PBXFileReference; lastKnownFileType = sourcecode.swift; path = AutoDocNewsUITestsLaunchTests.swift; sourceTree = "<group>"; };
		D83DAE88298C279F00C349D0 /* NewsViewModel.swift */ = {isa = PBXFileReference; lastKnownFileType = sourcecode.swift; path = NewsViewModel.swift; sourceTree = "<group>"; };
		D83DAE8A298C27B200C349D0 /* Model.swift */ = {isa = PBXFileReference; lastKnownFileType = sourcecode.swift; path = Model.swift; sourceTree = "<group>"; };
		D83DAE8E298C302800C349D0 /* ItemView.swift */ = {isa = PBXFileReference; lastKnownFileType = sourcecode.swift; path = ItemView.swift; sourceTree = "<group>"; };
		D83DAE92298C446500C349D0 /* WebView.swift */ = {isa = PBXFileReference; lastKnownFileType = sourcecode.swift; path = WebView.swift; sourceTree = "<group>"; };
		D8501B36298D8A36005E0447 /* CachedImage.swift */ = {isa = PBXFileReference; lastKnownFileType = sourcecode.swift; path = CachedImage.swift; sourceTree = "<group>"; };
		D8501B38298DBE58005E0447 /* Mocks.swift */ = {isa = PBXFileReference; lastKnownFileType = sourcecode.swift; path = Mocks.swift; sourceTree = "<group>"; };
		D8501B3A298DBF98005E0447 /* mock.json */ = {isa = PBXFileReference; fileEncoding = 4; lastKnownFileType = text.json; path = mock.json; sourceTree = "<group>"; };
/* End PBXFileReference section */

/* Begin PBXFrameworksBuildPhase section */
		D83DAE58298C16A200C349D0 /* Frameworks */ = {
			isa = PBXFrameworksBuildPhase;
			buildActionMask = 2147483647;
			files = (
			);
			runOnlyForDeploymentPostprocessing = 0;
		};
		D83DAE68298C16A300C349D0 /* Frameworks */ = {
			isa = PBXFrameworksBuildPhase;
			buildActionMask = 2147483647;
			files = (
			);
			runOnlyForDeploymentPostprocessing = 0;
		};
		D83DAE72298C16A300C349D0 /* Frameworks */ = {
			isa = PBXFrameworksBuildPhase;
			buildActionMask = 2147483647;
			files = (
			);
			runOnlyForDeploymentPostprocessing = 0;
		};
/* End PBXFrameworksBuildPhase section */

/* Begin PBXGroup section */
		D83DAE52298C16A200C349D0 = {
			isa = PBXGroup;
			children = (
				D83DAE5D298C16A200C349D0 /* AutoDocNews */,
				D83DAE6E298C16A300C349D0 /* AutoDocNewsTests */,
				D83DAE78298C16A300C349D0 /* AutoDocNewsUITests */,
				D83DAE5C298C16A200C349D0 /* Products */,
			);
			sourceTree = "<group>";
		};
		D83DAE5C298C16A200C349D0 /* Products */ = {
			isa = PBXGroup;
			children = (
				D83DAE5B298C16A200C349D0 /* AutoDocNews.app */,
				D83DAE6B298C16A300C349D0 /* AutoDocNewsTests.xctest */,
				D83DAE75298C16A300C349D0 /* AutoDocNewsUITests.xctest */,
			);
			name = Products;
			sourceTree = "<group>";
		};
		D83DAE5D298C16A200C349D0 /* AutoDocNews */ = {
			isa = PBXGroup;
			children = (
				D83DAE5E298C16A200C349D0 /* AutoDocNewsApp.swift */,
				D83DAE62298C16A300C349D0 /* Assets.xcassets */,
				D8501B3C298DC5D9005E0447 /* ViewModel */,
				D8501B3D298DC5FA005E0447 /* Model */,
				D8501B3E298DC61E005E0447 /* Views */,
				D8501B3F298DC645005E0447 /* Helper */,
				D83DAE64298C16A300C349D0 /* Preview Content */,
			);
			path = AutoDocNews;
			sourceTree = "<group>";
		};
		D83DAE64298C16A300C349D0 /* Preview Content */ = {
			isa = PBXGroup;
			children = (
				D83DAE65298C16A300C349D0 /* Preview Assets.xcassets */,
			);
			path = "Preview Content";
			sourceTree = "<group>";
		};
		D83DAE6E298C16A300C349D0 /* AutoDocNewsTests */ = {
			isa = PBXGroup;
			children = (
				D8501B3A298DBF98005E0447 /* mock.json */,
				D83DAE6F298C16A300C349D0 /* AutoDocNewsTests.swift */,
			);
			path = AutoDocNewsTests;
			sourceTree = "<group>";
		};
		D83DAE78298C16A300C349D0 /* AutoDocNewsUITests */ = {
			isa = PBXGroup;
			children = (
				D83DAE79298C16A300C349D0 /* AutoDocNewsUITests.swift */,
				D83DAE7B298C16A300C349D0 /* AutoDocNewsUITestsLaunchTests.swift */,
			);
			path = AutoDocNewsUITests;
			sourceTree = "<group>";
		};
		D8501B3C298DC5D9005E0447 /* ViewModel */ = {
			isa = PBXGroup;
			children = (
				D83DAE88298C279F00C349D0 /* NewsViewModel.swift */,
			);
			path = ViewModel;
			sourceTree = "<group>";
		};
		D8501B3D298DC5FA005E0447 /* Model */ = {
			isa = PBXGroup;
			children = (
				D83DAE8A298C27B200C349D0 /* Model.swift */,
				D8501B38298DBE58005E0447 /* Mocks.swift */,
			);
			path = Model;
			sourceTree = "<group>";
		};
		D8501B3E298DC61E005E0447 /* Views */ = {
			isa = PBXGroup;
			children = (
				D83DAE60298C16A200C349D0 /* MainView.swift */,
				D83DAE8E298C302800C349D0 /* ItemView.swift */,
				D83DAE92298C446500C349D0 /* WebView.swift */,
			);
			path = Views;
			sourceTree = "<group>";
		};
		D8501B3F298DC645005E0447 /* Helper */ = {
			isa = PBXGroup;
			children = (
				D8501B36298D8A36005E0447 /* CachedImage.swift */,
			);
			path = Helper;
			sourceTree = "<group>";
		};
/* End PBXGroup section */

/* Begin PBXNativeTarget section */
		D83DAE5A298C16A200C349D0 /* AutoDocNews */ = {
			isa = PBXNativeTarget;
			buildConfigurationList = D83DAE7F298C16A300C349D0 /* Build configuration list for PBXNativeTarget "AutoDocNews" */;
			buildPhases = (
				D83DAE57298C16A200C349D0 /* Sources */,
				D83DAE58298C16A200C349D0 /* Frameworks */,
				D83DAE59298C16A200C349D0 /* Resources */,
			);
			buildRules = (
			);
			dependencies = (
			);
			name = AutoDocNews;
			productName = AutoDocNews;
			productReference = D83DAE5B298C16A200C349D0 /* AutoDocNews.app */;
			productType = "com.apple.product-type.application";
		};
		D83DAE6A298C16A300C349D0 /* AutoDocNewsTests */ = {
			isa = PBXNativeTarget;
			buildConfigurationList = D83DAE82298C16A300C349D0 /* Build configuration list for PBXNativeTarget "AutoDocNewsTests" */;
			buildPhases = (
				D83DAE67298C16A300C349D0 /* Sources */,
				D83DAE68298C16A300C349D0 /* Frameworks */,
				D83DAE69298C16A300C349D0 /* Resources */,
			);
			buildRules = (
			);
			dependencies = (
				D83DAE6D298C16A300C349D0 /* PBXTargetDependency */,
			);
			name = AutoDocNewsTests;
			productName = AutoDocNewsTests;
			productReference = D83DAE6B298C16A300C349D0 /* AutoDocNewsTests.xctest */;
			productType = "com.apple.product-type.bundle.unit-test";
		};
		D83DAE74298C16A300C349D0 /* AutoDocNewsUITests */ = {
			isa = PBXNativeTarget;
			buildConfigurationList = D83DAE85298C16A300C349D0 /* Build configuration list for PBXNativeTarget "AutoDocNewsUITests" */;
			buildPhases = (
				D83DAE71298C16A300C349D0 /* Sources */,
				D83DAE72298C16A300C349D0 /* Frameworks */,
				D83DAE73298C16A300C349D0 /* Resources */,
			);
			buildRules = (
			);
			dependencies = (
				D83DAE77298C16A300C349D0 /* PBXTargetDependency */,
			);
			name = AutoDocNewsUITests;
			productName = AutoDocNewsUITests;
			productReference = D83DAE75298C16A300C349D0 /* AutoDocNewsUITests.xctest */;
			productType = "com.apple.product-type.bundle.ui-testing";
		};
/* End PBXNativeTarget section */

/* Begin PBXProject section */
		D83DAE53298C16A200C349D0 /* Project object */ = {
			isa = PBXProject;
			attributes = {
				BuildIndependentTargetsInParallel = 1;
				LastSwiftUpdateCheck = 1420;
				LastUpgradeCheck = 1420;
				TargetAttributes = {
					D83DAE5A298C16A200C349D0 = {
						CreatedOnToolsVersion = 14.2;
					};
					D83DAE6A298C16A300C349D0 = {
						CreatedOnToolsVersion = 14.2;
						TestTargetID = D83DAE5A298C16A200C349D0;
					};
					D83DAE74298C16A300C349D0 = {
						CreatedOnToolsVersion = 14.2;
						TestTargetID = D83DAE5A298C16A200C349D0;
					};
				};
			};
			buildConfigurationList = D83DAE56298C16A200C349D0 /* Build configuration list for PBXProject "AutoDocNews" */;
			compatibilityVersion = "Xcode 14.0";
			developmentRegion = en;
			hasScannedForEncodings = 0;
			knownRegions = (
				en,
				Base,
			);
			mainGroup = D83DAE52298C16A200C349D0;
			productRefGroup = D83DAE5C298C16A200C349D0 /* Products */;
			projectDirPath = "";
			projectRoot = "";
			targets = (
				D83DAE5A298C16A200C349D0 /* AutoDocNews */,
				D83DAE6A298C16A300C349D0 /* AutoDocNewsTests */,
				D83DAE74298C16A300C349D0 /* AutoDocNewsUITests */,
			);
		};
/* End PBXProject section */

/* Begin PBXResourcesBuildPhase section */
		D83DAE59298C16A200C349D0 /* Resources */ = {
			isa = PBXResourcesBuildPhase;
			buildActionMask = 2147483647;
			files = (
				D83DAE66298C16A300C349D0 /* Preview Assets.xcassets in Resources */,
				D83DAE63298C16A300C349D0 /* Assets.xcassets in Resources */,
			);
			runOnlyForDeploymentPostprocessing = 0;
		};
		D83DAE69298C16A300C349D0 /* Resources */ = {
			isa = PBXResourcesBuildPhase;
			buildActionMask = 2147483647;
			files = (
				D8501B3B298DBF98005E0447 /* mock.json in Resources */,
			);
			runOnlyForDeploymentPostprocessing = 0;
		};
		D83DAE73298C16A300C349D0 /* Resources */ = {
			isa = PBXResourcesBuildPhase;
			buildActionMask = 2147483647;
			files = (
			);
			runOnlyForDeploymentPostprocessing = 0;
		};
/* End PBXResourcesBuildPhase section */

/* Begin PBXSourcesBuildPhase section */
		D83DAE57298C16A200C349D0 /* Sources */ = {
			isa = PBXSourcesBuildPhase;
			buildActionMask = 2147483647;
			files = (
				D83DAE89298C279F00C349D0 /* NewsViewModel.swift in Sources */,
				D83DAE61298C16A200C349D0 /* MainView.swift in Sources */,
				D83DAE5F298C16A200C349D0 /* AutoDocNewsApp.swift in Sources */,
				D8501B39298DBE58005E0447 /* Mocks.swift in Sources */,
				D83DAE8F298C302800C349D0 /* ItemView.swift in Sources */,
				D83DAE8B298C27B200C349D0 /* Model.swift in Sources */,
				D83DAE93298C446500C349D0 /* WebView.swift in Sources */,
				D8501B37298D8A36005E0447 /* CachedImage.swift in Sources */,
			);
			runOnlyForDeploymentPostprocessing = 0;
		};
		D83DAE67298C16A300C349D0 /* Sources */ = {
			isa = PBXSourcesBuildPhase;
			buildActionMask = 2147483647;
			files = (
				D83DAE70298C16A300C349D0 /* AutoDocNewsTests.swift in Sources */,
			);
			runOnlyForDeploymentPostprocessing = 0;
		};
		D83DAE71298C16A300C349D0 /* Sources */ = {
			isa = PBXSourcesBuildPhase;
			buildActionMask = 2147483647;
			files = (
				D83DAE7A298C16A300C349D0 /* AutoDocNewsUITests.swift in Sources */,
				D83DAE7C298C16A300C349D0 /* AutoDocNewsUITestsLaunchTests.swift in Sources */,
			);
			runOnlyForDeploymentPostprocessing = 0;
		};
/* End PBXSourcesBuildPhase section */

/* Begin PBXTargetDependency section */
		D83DAE6D298C16A300C349D0 /* PBXTargetDependency */ = {
			isa = PBXTargetDependency;
			target = D83DAE5A298C16A200C349D0 /* AutoDocNews */;
			targetProxy = D83DAE6C298C16A300C349D0 /* PBXContainerItemProxy */;
		};
		D83DAE77298C16A300C349D0 /* PBXTargetDependency */ = {
			isa = PBXTargetDependency;
			target = D83DAE5A298C16A200C349D0 /* AutoDocNews */;
			targetProxy = D83DAE76298C16A300C349D0 /* PBXContainerItemProxy */;
		};
/* End PBXTargetDependency section */

/* Begin XCBuildConfiguration section */
		D83DAE7D298C16A300C349D0 /* Debug */ = {
			isa = XCBuildConfiguration;
			buildSettings = {
				ALWAYS_SEARCH_USER_PATHS = NO;
				CLANG_ANALYZER_NONNULL = YES;
				CLANG_ANALYZER_NUMBER_OBJECT_CONVERSION = YES_AGGRESSIVE;
				CLANG_CXX_LANGUAGE_STANDARD = "gnu++20";
				CLANG_ENABLE_MODULES = YES;
				CLANG_ENABLE_OBJC_ARC = YES;
				CLANG_ENABLE_OBJC_WEAK = YES;
				CLANG_WARN_BLOCK_CAPTURE_AUTORELEASING = YES;
				CLANG_WARN_BOOL_CONVERSION = YES;
				CLANG_WARN_COMMA = YES;
				CLANG_WARN_CONSTANT_CONVERSION = YES;
				CLANG_WARN_DEPRECATED_OBJC_IMPLEMENTATIONS = YES;
				CLANG_WARN_DIRECT_OBJC_ISA_USAGE = YES_ERROR;
				CLANG_WARN_DOCUMENTATION_COMMENTS = YES;
				CLANG_WARN_EMPTY_BODY = YES;
				CLANG_WARN_ENUM_CONVERSION = YES;
				CLANG_WARN_INFINITE_RECURSION = YES;
				CLANG_WARN_INT_CONVERSION = YES;
				CLANG_WARN_NON_LITERAL_NULL_CONVERSION = YES;
				CLANG_WARN_OBJC_IMPLICIT_RETAIN_SELF = YES;
				CLANG_WARN_OBJC_LITERAL_CONVERSION = YES;
				CLANG_WARN_OBJC_ROOT_CLASS = YES_ERROR;
				CLANG_WARN_QUOTED_INCLUDE_IN_FRAMEWORK_HEADER = YES;
				CLANG_WARN_RANGE_LOOP_ANALYSIS = YES;
				CLANG_WARN_STRICT_PROTOTYPES = YES;
				CLANG_WARN_SUSPICIOUS_MOVE = YES;
				CLANG_WARN_UNGUARDED_AVAILABILITY = YES_AGGRESSIVE;
				CLANG_WARN_UNREACHABLE_CODE = YES;
				CLANG_WARN__DUPLICATE_METHOD_MATCH = YES;
				COPY_PHASE_STRIP = NO;
				DEBUG_INFORMATION_FORMAT = dwarf;
				ENABLE_STRICT_OBJC_MSGSEND = YES;
				ENABLE_TESTABILITY = YES;
				GCC_C_LANGUAGE_STANDARD = gnu11;
				GCC_DYNAMIC_NO_PIC = NO;
				GCC_NO_COMMON_BLOCKS = YES;
				GCC_OPTIMIZATION_LEVEL = 0;
				GCC_PREPROCESSOR_DEFINITIONS = (
					"DEBUG=1",
					"$(inherited)",
				);
				GCC_WARN_64_TO_32_BIT_CONVERSION = YES;
				GCC_WARN_ABOUT_RETURN_TYPE = YES_ERROR;
				GCC_WARN_UNDECLARED_SELECTOR = YES;
				GCC_WARN_UNINITIALIZED_AUTOS = YES_AGGRESSIVE;
				GCC_WARN_UNUSED_FUNCTION = YES;
				GCC_WARN_UNUSED_VARIABLE = YES;
				IPHONEOS_DEPLOYMENT_TARGET = 16.2;
				MTL_ENABLE_DEBUG_INFO = INCLUDE_SOURCE;
				MTL_FAST_MATH = YES;
				ONLY_ACTIVE_ARCH = YES;
				SDKROOT = iphoneos;
				SWIFT_ACTIVE_COMPILATION_CONDITIONS = DEBUG;
				SWIFT_OPTIMIZATION_LEVEL = "-Onone";
			};
			name = Debug;
		};
		D83DAE7E298C16A300C349D0 /* Release */ = {
			isa = XCBuildConfiguration;
			buildSettings = {
				ALWAYS_SEARCH_USER_PATHS = NO;
				CLANG_ANALYZER_NONNULL = YES;
				CLANG_ANALYZER_NUMBER_OBJECT_CONVERSION = YES_AGGRESSIVE;
				CLANG_CXX_LANGUAGE_STANDARD = "gnu++20";
				CLANG_ENABLE_MODULES = YES;
				CLANG_ENABLE_OBJC_ARC = YES;
				CLANG_ENABLE_OBJC_WEAK = YES;
				CLANG_WARN_BLOCK_CAPTURE_AUTORELEASING = YES;
				CLANG_WARN_BOOL_CONVERSION = YES;
				CLANG_WARN_COMMA = YES;
				CLANG_WARN_CONSTANT_CONVERSION = YES;
				CLANG_WARN_DEPRECATED_OBJC_IMPLEMENTATIONS = YES;
				CLANG_WARN_DIRECT_OBJC_ISA_USAGE = YES_ERROR;
				CLANG_WARN_DOCUMENTATION_COMMENTS = YES;
				CLANG_WARN_EMPTY_BODY = YES;
				CLANG_WARN_ENUM_CONVERSION = YES;
				CLANG_WARN_INFINITE_RECURSION = YES;
				CLANG_WARN_INT_CONVERSION = YES;
				CLANG_WARN_NON_LITERAL_NULL_CONVERSION = YES;
				CLANG_WARN_OBJC_IMPLICIT_RETAIN_SELF = YES;
				CLANG_WARN_OBJC_LITERAL_CONVERSION = YES;
				CLANG_WARN_OBJC_ROOT_CLASS = YES_ERROR;
				CLANG_WARN_QUOTED_INCLUDE_IN_FRAMEWORK_HEADER = YES;
				CLANG_WARN_RANGE_LOOP_ANALYSIS = YES;
				CLANG_WARN_STRICT_PROTOTYPES = YES;
				CLANG_WARN_SUSPICIOUS_MOVE = YES;
				CLANG_WARN_UNGUARDED_AVAILABILITY = YES_AGGRESSIVE;
				CLANG_WARN_UNREACHABLE_CODE = YES;
				CLANG_WARN__DUPLICATE_METHOD_MATCH = YES;
				COPY_PHASE_STRIP = NO;
				DEBUG_INFORMATION_FORMAT = "dwarf-with-dsym";
				ENABLE_NS_ASSERTIONS = NO;
				ENABLE_STRICT_OBJC_MSGSEND = YES;
				GCC_C_LANGUAGE_STANDARD = gnu11;
				GCC_NO_COMMON_BLOCKS = YES;
				GCC_WARN_64_TO_32_BIT_CONVERSION = YES;
				GCC_WARN_ABOUT_RETURN_TYPE = YES_ERROR;
				GCC_WARN_UNDECLARED_SELECTOR = YES;
				GCC_WARN_UNINITIALIZED_AUTOS = YES_AGGRESSIVE;
				GCC_WARN_UNUSED_FUNCTION = YES;
				GCC_WARN_UNUSED_VARIABLE = YES;
				IPHONEOS_DEPLOYMENT_TARGET = 16.2;
				MTL_ENABLE_DEBUG_INFO = NO;
				MTL_FAST_MATH = YES;
				SDKROOT = iphoneos;
				SWIFT_COMPILATION_MODE = wholemodule;
				SWIFT_OPTIMIZATION_LEVEL = "-O";
				VALIDATE_PRODUCT = YES;
			};
			name = Release;
		};
		D83DAE80298C16A300C349D0 /* Debug */ = {
			isa = XCBuildConfiguration;
			buildSettings = {
				ASSETCATALOG_COMPILER_APPICON_NAME = AppIcon;
				ASSETCATALOG_COMPILER_GLOBAL_ACCENT_COLOR_NAME = AccentColor;
				CODE_SIGN_STYLE = Automatic;
				CURRENT_PROJECT_VERSION = 1;
				DEVELOPMENT_ASSET_PATHS = "\"AutoDocNews/Preview Content\"";
				DEVELOPMENT_TEAM = PV86YXPL67;
				ENABLE_PREVIEWS = YES;
				GENERATE_INFOPLIST_FILE = YES;
				INFOPLIST_KEY_UIApplicationSceneManifest_Generation = YES;
				INFOPLIST_KEY_UIApplicationSupportsIndirectInputEvents = YES;
				INFOPLIST_KEY_UILaunchScreen_Generation = YES;
				INFOPLIST_KEY_UISupportedInterfaceOrientations_iPad = "UIInterfaceOrientationPortrait UIInterfaceOrientationPortraitUpsideDown UIInterfaceOrientationLandscapeLeft UIInterfaceOrientationLandscapeRight";
				INFOPLIST_KEY_UISupportedInterfaceOrientations_iPhone = "UIInterfaceOrientationPortrait UIInterfaceOrientationLandscapeLeft UIInterfaceOrientationLandscapeRight";
				LD_RUNPATH_SEARCH_PATHS = (
					"$(inherited)",
					"@executable_path/Frameworks",
				);
				MARKETING_VERSION = 1.0;
				PRODUCT_BUNDLE_IDENTIFIER = com.sunrizz.AutoDocNews;
				PRODUCT_NAME = "$(TARGET_NAME)";
				SWIFT_EMIT_LOC_STRINGS = YES;
				SWIFT_VERSION = 5.0;
				TARGETED_DEVICE_FAMILY = "1,2";
			};
			name = Debug;
		};
		D83DAE81298C16A300C349D0 /* Release */ = {
			isa = XCBuildConfiguration;
			buildSettings = {
				ASSETCATALOG_COMPILER_APPICON_NAME = AppIcon;
				ASSETCATALOG_COMPILER_GLOBAL_ACCENT_COLOR_NAME = AccentColor;
				CODE_SIGN_STYLE = Automatic;
				CURRENT_PROJECT_VERSION = 1;
				DEVELOPMENT_ASSET_PATHS = "\"AutoDocNews/Preview Content\"";
				DEVELOPMENT_TEAM = PV86YXPL67;
				ENABLE_PREVIEWS = YES;
				GENERATE_INFOPLIST_FILE = YES;
				INFOPLIST_KEY_UIApplicationSceneManifest_Generation = YES;
				INFOPLIST_KEY_UIApplicationSupportsIndirectInputEvents = YES;
				INFOPLIST_KEY_UILaunchScreen_Generation = YES;
				INFOPLIST_KEY_UISupportedInterfaceOrientations_iPad = "UIInterfaceOrientationPortrait UIInterfaceOrientationPortraitUpsideDown UIInterfaceOrientationLandscapeLeft UIInterfaceOrientationLandscapeRight";
				INFOPLIST_KEY_UISupportedInterfaceOrientations_iPhone = "UIInterfaceOrientationPortrait UIInterfaceOrientationLandscapeLeft UIInterfaceOrientationLandscapeRight";
				LD_RUNPATH_SEARCH_PATHS = (
					"$(inherited)",
					"@executable_path/Frameworks",
				);
				MARKETING_VERSION = 1.0;
				PRODUCT_BUNDLE_IDENTIFIER = com.sunrizz.AutoDocNews;
				PRODUCT_NAME = "$(TARGET_NAME)";
				SWIFT_EMIT_LOC_STRINGS = YES;
				SWIFT_VERSION = 5.0;
				TARGETED_DEVICE_FAMILY = "1,2";
			};
			name = Release;
		};
		D83DAE83298C16A300C349D0 /* Debug */ = {
			isa = XCBuildConfiguration;
			buildSettings = {
				ALWAYS_EMBED_SWIFT_STANDARD_LIBRARIES = YES;
				BUNDLE_LOADER = "$(TEST_HOST)";
				CODE_SIGN_STYLE = Automatic;
				CURRENT_PROJECT_VERSION = 1;
				DEVELOPMENT_TEAM = PV86YXPL67;
				GENERATE_INFOPLIST_FILE = YES;
				IPHONEOS_DEPLOYMENT_TARGET = 16.2;
				MARKETING_VERSION = 1.0;
				PRODUCT_BUNDLE_IDENTIFIER = com.sunrizz.AutoDocNewsTests;
				PRODUCT_NAME = "$(TARGET_NAME)";
				SWIFT_EMIT_LOC_STRINGS = NO;
				SWIFT_VERSION = 5.0;
				TARGETED_DEVICE_FAMILY = "1,2";
				TEST_HOST = "$(BUILT_PRODUCTS_DIR)/AutoDocNews.app/$(BUNDLE_EXECUTABLE_FOLDER_PATH)/AutoDocNews";
			};
			name = Debug;
		};
		D83DAE84298C16A300C349D0 /* Release */ = {
			isa = XCBuildConfiguration;
			buildSettings = {
				ALWAYS_EMBED_SWIFT_STANDARD_LIBRARIES = YES;
				BUNDLE_LOADER = "$(TEST_HOST)";
				CODE_SIGN_STYLE = Automatic;
				CURRENT_PROJECT_VERSION = 1;
				DEVELOPMENT_TEAM = PV86YXPL67;
				GENERATE_INFOPLIST_FILE = YES;
				IPHONEOS_DEPLOYMENT_TARGET = 16.2;
				MARKETING_VERSION = 1.0;
				PRODUCT_BUNDLE_IDENTIFIER = com.sunrizz.AutoDocNewsTests;
				PRODUCT_NAME = "$(TARGET_NAME)";
				SWIFT_EMIT_LOC_STRINGS = NO;
				SWIFT_VERSION = 5.0;
				TARGETED_DEVICE_FAMILY = "1,2";
				TEST_HOST = "$(BUILT_PRODUCTS_DIR)/AutoDocNews.app/$(BUNDLE_EXECUTABLE_FOLDER_PATH)/AutoDocNews";
			};
			name = Release;
		};
		D83DAE86298C16A300C349D0 /* Debug */ = {
			isa = XCBuildConfiguration;
			buildSettings = {
				ALWAYS_EMBED_SWIFT_STANDARD_LIBRARIES = YES;
				CODE_SIGN_STYLE = Automatic;
				CURRENT_PROJECT_VERSION = 1;
				DEVELOPMENT_TEAM = PV86YXPL67;
				GENERATE_INFOPLIST_FILE = YES;
				MARKETING_VERSION = 1.0;
				PRODUCT_BUNDLE_IDENTIFIER = com.sunrizz.AutoDocNewsUITests;
				PRODUCT_NAME = "$(TARGET_NAME)";
				SWIFT_EMIT_LOC_STRINGS = NO;
				SWIFT_VERSION = 5.0;
				TARGETED_DEVICE_FAMILY = "1,2";
				TEST_TARGET_NAME = AutoDocNews;
			};
			name = Debug;
		};
		D83DAE87298C16A300C349D0 /* Release */ = {
			isa = XCBuildConfiguration;
			buildSettings = {
				ALWAYS_EMBED_SWIFT_STANDARD_LIBRARIES = YES;
				CODE_SIGN_STYLE = Automatic;
				CURRENT_PROJECT_VERSION = 1;
				DEVELOPMENT_TEAM = PV86YXPL67;
				GENERATE_INFOPLIST_FILE = YES;
				MARKETING_VERSION = 1.0;
				PRODUCT_BUNDLE_IDENTIFIER = com.sunrizz.AutoDocNewsUITests;
				PRODUCT_NAME = "$(TARGET_NAME)";
				SWIFT_EMIT_LOC_STRINGS = NO;
				SWIFT_VERSION = 5.0;
				TARGETED_DEVICE_FAMILY = "1,2";
				TEST_TARGET_NAME = AutoDocNews;
			};
			name = Release;
		};
/* End XCBuildConfiguration section */

/* Begin XCConfigurationList section */
		D83DAE56298C16A200C349D0 /* Build configuration list for PBXProject "AutoDocNews" */ = {
			isa = XCConfigurationList;
			buildConfigurations = (
				D83DAE7D298C16A300C349D0 /* Debug */,
				D83DAE7E298C16A300C349D0 /* Release */,
			);
			defaultConfigurationIsVisible = 0;
			defaultConfigurationName = Release;
		};
		D83DAE7F298C16A300C349D0 /* Build configuration list for PBXNativeTarget "AutoDocNews" */ = {
			isa = XCConfigurationList;
			buildConfigurations = (
				D83DAE80298C16A300C349D0 /* Debug */,
				D83DAE81298C16A300C349D0 /* Release */,
			);
			defaultConfigurationIsVisible = 0;
			defaultConfigurationName = Release;
		};
		D83DAE82298C16A300C349D0 /* Build configuration list for PBXNativeTarget "AutoDocNewsTests" */ = {
			isa = XCConfigurationList;
			buildConfigurations = (
				D83DAE83298C16A300C349D0 /* Debug */,
				D83DAE84298C16A300C349D0 /* Release */,
			);
			defaultConfigurationIsVisible = 0;
			defaultConfigurationName = Release;
		};
		D83DAE85298C16A300C349D0 /* Build configuration list for PBXNativeTarget "AutoDocNewsUITests" */ = {
			isa = XCConfigurationList;
			buildConfigurations = (
				D83DAE86298C16A300C349D0 /* Debug */,
				D83DAE87298C16A300C349D0 /* Release */,
			);
			defaultConfigurationIsVisible = 0;
			defaultConfigurationName = Release;
		};
/* End XCConfigurationList section */
	};
	rootObject = D83DAE53298C16A200C349D0 /* Project object */;
}
